# THIS IS AN AUTOGENERATED FILE. DO NOT EDIT THIS FILE DIRECTLY.
# yarn lockfile v1


ansi-regex@^2.0.0:
  version "2.1.1"
  resolved "https://neo.jfrog.io/neo/api/npm/npm/ansi-regex/-/ansi-regex-2.1.1.tgz#c3b33ab5ee360d86e0e628f0468ae7ef27d654df"
  integrity sha1-w7M6te42DYbg5ijwRorn7yfWVN8=

ansi-regex@^3.0.0:
  version "3.0.0"
  resolved "https://neo.jfrog.io/neo/api/npm/npm/ansi-regex/-/ansi-regex-3.0.0.tgz#ed0317c322064f79466c02966bddb605ab37d998"
  integrity sha1-7QMXwyIGT3lGbAKWa922Bas32Zg=

array-uniq@1.0.2:
  version "1.0.2"
  resolved "https://neo.jfrog.io/neo/api/npm/npm/array-uniq/-/array-uniq-1.0.2.tgz#5fcc373920775723cfd64d65c64bef53bf9eba6d"
  integrity sha1-X8w3OSB3VyPP1k1lxkvvU7+eum0=

babel-runtime@^6.26.0:
  version "6.26.0"
  resolved "https://neo.jfrog.io/neo/api/npm/npm/babel-runtime/-/babel-runtime-6.26.0.tgz#965c7058668e82b55d7bfe04ff2337bc8b5647fe"
  integrity sha1-llxwWGaOgrVde/4E/yM3vItWR/4=
  dependencies:
    core-js "^2.4.0"
    regenerator-runtime "^0.11.0"

bluebird@^3.5.3:
  version "3.5.3"
  resolved "https://neo.jfrog.io/neo/api/npm/npm/bluebird/-/bluebird-3.5.3.tgz#7d01c6f9616c9a51ab0f8c549a79dfe6ec33efa7"
  integrity sha1-fQHG+WFsmlGrD4xUmnnf5uwz76c=

camelcase@^5.0.0:
  version "5.0.0"
  resolved "https://neo.jfrog.io/neo/api/npm/npm/camelcase/-/camelcase-5.0.0.tgz#03295527d58bd3cd4aa75363f35b2e8d97be2f42"
  integrity sha1-AylVJ9WL081Kp1Nj81sujZe+L0I=

cliui@^4.0.0:
  version "4.1.0"
  resolved "https://neo.jfrog.io/neo/api/npm/npm/cliui/-/cliui-4.1.0.tgz#348422dbe82d800b3022eef4f6ac10bf2e4d1b49"
  integrity sha1-NIQi2+gtgAswIu709qwQvy5NG0k=
  dependencies:
    string-width "^2.1.1"
    strip-ansi "^4.0.0"
    wrap-ansi "^2.0.0"

code-point-at@^1.0.0:
  version "1.1.0"
  resolved "https://neo.jfrog.io/neo/api/npm/npm/code-point-at/-/code-point-at-1.1.0.tgz#0d070b4d043a5bea33a2f1a40e2edb3d9a4ccf77"
  integrity sha1-DQcLTQQ6W+ozovGkDi7bPZpMz3c=

core-js@^2.4.0:
  version "2.6.4"
  resolved "https://neo.jfrog.io/neo/api/npm/npm/core-js/-/core-js-2.6.4.tgz#b8897c062c4d769dd30a0ac5c73976c47f92ea0d"
  integrity sha1-uIl8BixNdp3TCgrFxzl2xH+S6g0=

cross-spawn@^6.0.0:
  version "6.0.5"
  resolved "https://neo.jfrog.io/neo/api/npm/npm/cross-spawn/-/cross-spawn-6.0.5.tgz#4a5ec7c64dfae22c3a14124dbacdee846d80cbc4"
  integrity sha1-Sl7Hxk364iw6FBJNus3uhG2Ay8Q=
  dependencies:
    nice-try "^1.0.4"
    path-key "^2.0.1"
    semver "^5.5.0"
    shebang-command "^1.2.0"
    which "^1.2.9"

decamelize@^1.2.0:
  version "1.2.0"
  resolved "https://neo.jfrog.io/neo/api/npm/npm/decamelize/-/decamelize-1.2.0.tgz#f6534d15148269b20352e7bee26f501f9a191290"
  integrity sha1-9lNNFRSCabIDUue+4m9QH5oZEpA=

dimsum@^0.2.2:
  version "0.2.2"
  resolved "https://neo.jfrog.io/neo/api/npm/npm/dimsum/-/dimsum-0.2.2.tgz#6c0b0469f19cf6979a8a0318948786a1ef2b4cdc"
  integrity sha1-bAsEafGc9peaigMYlIeGoe8rTNw=

end-of-stream@^1.1.0:
  version "1.4.1"
  resolved "https://neo.jfrog.io/neo/api/npm/npm/end-of-stream/-/end-of-stream-1.4.1.tgz#ed29634d19baba463b6ce6b80a37213eab71ec43"
  integrity sha1-7SljTRm6ukY7bOa4CjchPqtx7EM=
  dependencies:
    once "^1.4.0"

es6-promise-pool@^2.5.0:
  version "2.5.0"
  resolved "https://neo.jfrog.io/neo/api/npm/npm/es6-promise-pool/-/es6-promise-pool-2.5.0.tgz#147c612b36b47f105027f9d2bf54a598a99d9ccb"
  integrity sha1-FHxhKza0fxBQJ/nSv1SlmKmdnMs=

execa@^1.0.0:
  version "1.0.0"
  resolved "https://neo.jfrog.io/neo/api/npm/npm/execa/-/execa-1.0.0.tgz#c6236a5bb4df6d6f15e88e7f017798216749ddd8"
  integrity sha1-xiNqW7TfbW8V6I5/AXeYIWdJ3dg=
  dependencies:
    cross-spawn "^6.0.0"
    get-stream "^4.0.0"
    is-stream "^1.1.0"
    npm-run-path "^2.0.0"
    p-finally "^1.0.0"
    signal-exit "^3.0.0"
    strip-eof "^1.0.0"

faker@^4.1.0:
  version "4.1.0"
  resolved "https://neo.jfrog.io/neo/api/npm/npm/faker/-/faker-4.1.0.tgz#1e45bbbecc6774b3c195fad2835109c6d748cc3f"
  integrity sha1-HkW7vsxndLPBlfrSg1EJxtdIzD8=

find-up@^3.0.0:
  version "3.0.0"
  resolved "https://neo.jfrog.io/neo/api/npm/npm/find-up/-/find-up-3.0.0.tgz#49169f1d7993430646da61ecc5ae355c21c97b73"
  integrity sha1-SRafHXmTQwZG2mHsxa41XCHJe3M=
  dependencies:
    locate-path "^3.0.0"

generic-pool@^3.6.1:
  version "3.6.1"
  resolved "https://neo.jfrog.io/neo/api/npm/npm/generic-pool/-/generic-pool-3.6.1.tgz#a51a8439ee86f0bbcf100fc1db3f45c86289deb4"
  integrity sha1-pRqEOe6G8LvPEA/B2z9FyGKJ3rQ=

get-caller-file@^1.0.1:
  version "1.0.3"
  resolved "https://neo.jfrog.io/neo/api/npm/npm/get-caller-file/-/get-caller-file-1.0.3.tgz#f978fa4c90d1dfe7ff2d6beda2a515e713bdcf4a"
  integrity sha1-+Xj6TJDR3+f/LWvtoqUV5xO9z0o=

get-stream@^4.0.0:
  version "4.1.0"
  resolved "https://neo.jfrog.io/neo/api/npm/npm/get-stream/-/get-stream-4.1.0.tgz#c1b255575f3dc21d59bfc79cd3d2b46b1c3a54b5"
  integrity sha1-wbJVV189wh1Zv8ec09K0axw6VLU=
  dependencies:
    pump "^3.0.0"

invert-kv@^2.0.0:
  version "2.0.0"
  resolved "https://neo.jfrog.io/neo/api/npm/npm/invert-kv/-/invert-kv-2.0.0.tgz#7393f5afa59ec9ff5f67a27620d11c226e3eec02"
  integrity sha1-c5P1r6Weyf9fZ6J2INEcIm4+7AI=

is-fullwidth-code-point@^1.0.0:
  version "1.0.0"
  resolved "https://neo.jfrog.io/neo/api/npm/npm/is-fullwidth-code-point/-/is-fullwidth-code-point-1.0.0.tgz#ef9e31386f031a7f0d643af82fde50c457ef00cb"
  integrity sha1-754xOG8DGn8NZDr4L95QxFfvAMs=
  dependencies:
    number-is-nan "^1.0.0"

is-fullwidth-code-point@^2.0.0:
  version "2.0.0"
  resolved "https://neo.jfrog.io/neo/api/npm/npm/is-fullwidth-code-point/-/is-fullwidth-code-point-2.0.0.tgz#a3b30a5c4f199183167aaab93beefae3ddfb654f"
  integrity sha1-o7MKXE8ZkYMWeqq5O+764937ZU8=

is-stream@^1.1.0:
  version "1.1.0"
  resolved "https://neo.jfrog.io/neo/api/npm/npm/is-stream/-/is-stream-1.1.0.tgz#12d4a3dd4e68e0b79ceb8dbc84173ae80d91ca44"
  integrity sha1-EtSj3U5o4Lec6428hBc66A2RykQ=

isexe@^2.0.0:
  version "2.0.0"
  resolved "https://neo.jfrog.io/neo/api/npm/npm/isexe/-/isexe-2.0.0.tgz#e8fbf374dc556ff8947a10dcb0572d633f2cfa10"
  integrity sha1-6PvzdNxVb/iUehDcsFctYz8s+hA=

lcid@^2.0.0:
  version "2.0.0"
  resolved "https://neo.jfrog.io/neo/api/npm/npm/lcid/-/lcid-2.0.0.tgz#6ef5d2df60e52f82eb228a4c373e8d1f397253cf"
  integrity sha1-bvXS32DlL4LrIopMNz6NHzlyU88=
  dependencies:
    invert-kv "^2.0.0"

locate-path@^3.0.0:
  version "3.0.0"
  resolved "https://neo.jfrog.io/neo/api/npm/npm/locate-path/-/locate-path-3.0.0.tgz#dbec3b3ab759758071b58fe59fc41871af21400e"
  integrity sha1-2+w7OrdZdYBxtY/ln8QYca8hQA4=
  dependencies:
    p-locate "^3.0.0"
    path-exists "^3.0.0"

lodash@^4.17.11:
  version "4.17.11"
  resolved "https://neo.jfrog.io/neo/api/npm/npm/lodash/-/lodash-4.17.11.tgz#b39ea6229ef607ecd89e2c8df12536891cac9b8d"
  integrity sha1-s56mIp72B+zYniyN8SU2iRysm40=

map-age-cleaner@^0.1.1:
  version "0.1.3"
  resolved "https://neo.jfrog.io/neo/api/npm/npm/map-age-cleaner/-/map-age-cleaner-0.1.3.tgz#7d583a7306434c055fe474b0f45078e6e1b4b92a"
  integrity sha1-fVg6cwZDTAVf5HSw9FB45uG0uSo=
  dependencies:
    p-defer "^1.0.0"

mem@^4.0.0:
  version "4.1.0"
  resolved "https://neo.jfrog.io/neo/api/npm/npm/mem/-/mem-4.1.0.tgz#aeb9be2d21f47e78af29e4ac5978e8afa2ca5b8a"
  integrity sha1-rrm+LSH0fnivKeSsWXjor6LKW4o=
  dependencies:
    map-age-cleaner "^0.1.1"
    mimic-fn "^1.0.0"
    p-is-promise "^2.0.0"

mimic-fn@^1.0.0:
  version "1.2.0"
  resolved "https://neo.jfrog.io/neo/api/npm/npm/mimic-fn/-/mimic-fn-1.2.0.tgz#820c86a39334640e99516928bd03fca88057d022"
  integrity sha1-ggyGo5M0ZA6ZUWkovQP8qIBX0CI=

moment@^2.24.0:
  version "2.24.0"
  resolved "https://neo.jfrog.io/neo/api/npm/npm/moment/-/moment-2.24.0.tgz#0d055d53f5052aa653c9f6eb68bb5d12bf5c2b5b"
  integrity sha1-DQVdU/UFKqZTyfbraLtdEr9cK1s=

neo4j-driver@^1.7.2:
  version "1.7.2"
  resolved "https://neo.jfrog.io/neo/api/npm/npm/neo4j-driver/-/neo4j-driver-1.7.2.tgz#c72a6dfa6bd2106b00a42794dc52a82b227b48e0"
  integrity sha1-xypt+mvSEGsApCeU3FKoKyJ7SOA=
  dependencies:
    babel-runtime "^6.26.0"
    text-encoding "^0.6.4"
    uri-js "^4.2.1"

nice-try@^1.0.4:
  version "1.0.5"
  resolved "https://neo.jfrog.io/neo/api/npm/npm/nice-try/-/nice-try-1.0.5.tgz#a3378a7696ce7d223e88fc9b764bd7ef1089e366"
  integrity sha1-ozeKdpbOfSI+iPybdkvX7xCJ42Y=

npm-run-path@^2.0.0:
  version "2.0.2"
  resolved "https://neo.jfrog.io/neo/api/npm/npm/npm-run-path/-/npm-run-path-2.0.2.tgz#35a9232dfa35d7067b4cb2ddf2357b1871536c5f"
  integrity sha1-NakjLfo11wZ7TLLd8jV7GHFTbF8=
  dependencies:
    path-key "^2.0.0"

number-is-nan@^1.0.0:
  version "1.0.1"
  resolved "https://neo.jfrog.io/neo/api/npm/npm/number-is-nan/-/number-is-nan-1.0.1.tgz#097b602b53422a522c1afb8790318336941a011d"
  integrity sha1-CXtgK1NCKlIsGvuHkDGDNpQaAR0=

once@^1.3.1, once@^1.4.0:
  version "1.4.0"
  resolved "https://neo.jfrog.io/neo/api/npm/npm/once/-/once-1.4.0.tgz#583b1aa775961d4b113ac17d9c50baef9dd76bd1"
  integrity sha1-WDsap3WWHUsROsF9nFC6753Xa9E=
  dependencies:
    wrappy "1"

os-locale@^3.0.0:
  version "3.1.0"
  resolved "https://neo.jfrog.io/neo/api/npm/npm/os-locale/-/os-locale-3.1.0.tgz#a802a6ee17f24c10483ab9935719cef4ed16bf1a"
  integrity sha1-qAKm7hfyTBBIOrmTVxnO9O0Wvxo=
  dependencies:
    execa "^1.0.0"
    lcid "^2.0.0"
    mem "^4.0.0"

p-defer@^1.0.0:
  version "1.0.0"
  resolved "https://neo.jfrog.io/neo/api/npm/npm/p-defer/-/p-defer-1.0.0.tgz#9f6eb182f6c9aa8cd743004a7d4f96b196b0fb0c"
  integrity sha1-n26xgvbJqozXQwBKfU+WsZaw+ww=

p-finally@^1.0.0:
  version "1.0.0"
  resolved "https://neo.jfrog.io/neo/api/npm/npm/p-finally/-/p-finally-1.0.0.tgz#3fbcfb15b899a44123b34b6dcc18b724336a2cae"
  integrity sha1-P7z7FbiZpEEjs0ttzBi3JDNqLK4=

p-is-promise@^2.0.0:
  version "2.0.0"
  resolved "https://neo.jfrog.io/neo/api/npm/npm/p-is-promise/-/p-is-promise-2.0.0.tgz#7554e3d572109a87e1f3f53f6a7d85d1b194f4c5"
  integrity sha1-dVTj1XIQmofh8/U/an2F0bGU9MU=

p-limit@^2.0.0:
  version "2.1.0"
  resolved "https://neo.jfrog.io/neo/api/npm/npm/p-limit/-/p-limit-2.1.0.tgz#1d5a0d20fb12707c758a655f6bbc4386b5930d68"
  integrity sha1-HVoNIPsScHx1imVfa7xDhrWTDWg=
  dependencies:
    p-try "^2.0.0"

p-locate@^3.0.0:
  version "3.0.0"
  resolved "https://neo.jfrog.io/neo/api/npm/npm/p-locate/-/p-locate-3.0.0.tgz#322d69a05c0264b25997d9f40cd8a891ab0064a4"
  integrity sha1-Mi1poFwCZLJZl9n0DNiokasAZKQ=
  dependencies:
    p-limit "^2.0.0"

p-try@^2.0.0:
  version "2.0.0"
  resolved "https://neo.jfrog.io/neo/api/npm/npm/p-try/-/p-try-2.0.0.tgz#85080bb87c64688fa47996fe8f7dfbe8211760b1"
  integrity sha1-hQgLuHxkaI+keZb+j3376CEXYLE=

path-exists@^3.0.0:
  version "3.0.0"
  resolved "https://neo.jfrog.io/neo/api/npm/npm/path-exists/-/path-exists-3.0.0.tgz#ce0ebeaa5f78cb18925ea7d810d7b59b010fd515"
  integrity sha1-zg6+ql94yxiSXqfYENe1mwEP1RU=

path-key@^2.0.0, path-key@^2.0.1:
  version "2.0.1"
  resolved "https://neo.jfrog.io/neo/api/npm/npm/path-key/-/path-key-2.0.1.tgz#411cadb574c5a140d3a4b1910d40d80cc9f40b40"
  integrity sha1-QRyttXTFoUDTpLGRDUDYDMn0C0A=

pump@^3.0.0:
  version "3.0.0"
  resolved "https://neo.jfrog.io/neo/api/npm/npm/pump/-/pump-3.0.0.tgz#b4a2116815bde2f4e1ea602354e8c75565107a64"
  integrity sha1-tKIRaBW94vTh6mAjVOjHVWUQemQ=
  dependencies:
    end-of-stream "^1.1.0"
    once "^1.3.1"

punycode@^2.1.0:
  version "2.1.1"
  resolved "https://neo.jfrog.io/neo/api/npm/npm/punycode/-/punycode-2.1.1.tgz#b58b010ac40c22c5657616c8d2c2c02c7bf479ec"
  integrity sha1-tYsBCsQMIsVldhbI0sLALHv0eew=

randomstring@^1.1.5:
  version "1.1.5"
  resolved "https://neo.jfrog.io/neo/api/npm/npm/randomstring/-/randomstring-1.1.5.tgz#6df0628f75cbd5932930d9fe3ab4e956a18518c3"
  integrity sha1-bfBij3XL1ZMpMNn+OrTpVqGFGMM=
  dependencies:
    array-uniq "1.0.2"

regenerator-runtime@^0.11.0:
  version "0.11.1"
  resolved "https://neo.jfrog.io/neo/api/npm/npm/regenerator-runtime/-/regenerator-runtime-0.11.1.tgz#be05ad7f9bf7d22e056f9726cee5017fbf19e2e9"
  integrity sha1-vgWtf5v30i4Fb5cmzuUBf78Z4uk=

require-directory@^2.1.1:
  version "2.1.1"
  resolved "https://neo.jfrog.io/neo/api/npm/npm/require-directory/-/require-directory-2.1.1.tgz#8c64ad5fd30dab1c976e2344ffe7f792a6a6df42"
  integrity sha1-jGStX9MNqxyXbiNE/+f3kqam30I=

require-main-filename@^1.0.1:
  version "1.0.1"
  resolved "https://neo.jfrog.io/neo/api/npm/npm/require-main-filename/-/require-main-filename-1.0.1.tgz#97f717b69d48784f5f526a6c5aa8ffdda055a4d1"
  integrity sha1-l/cXtp1IeE9fUmpsWqj/3aBVpNE=

semver@^5.5.0:
  version "5.6.0"
  resolved "https://neo.jfrog.io/neo/api/npm/npm/semver/-/semver-5.6.0.tgz#7e74256fbaa49c75aa7c7a205cc22799cac80004"
  integrity sha1-fnQlb7qknHWqfHogXMInmcrIAAQ=

set-blocking@^2.0.0:
  version "2.0.0"
  resolved "https://neo.jfrog.io/neo/api/npm/npm/set-blocking/-/set-blocking-2.0.0.tgz#045f9782d011ae9a6803ddd382b24392b3d890f7"
  integrity sha1-BF+XgtARrppoA93TgrJDkrPYkPc=

shebang-command@^1.2.0:
  version "1.2.0"
  resolved "https://neo.jfrog.io/neo/api/npm/npm/shebang-command/-/shebang-command-1.2.0.tgz#44aac65b695b03398968c39f363fee5deafdf1ea"
  integrity sha1-RKrGW2lbAzmJaMOfNj/uXer98eo=
  dependencies:
    shebang-regex "^1.0.0"

shebang-regex@^1.0.0:
  version "1.0.0"
  resolved "https://neo.jfrog.io/neo/api/npm/npm/shebang-regex/-/shebang-regex-1.0.0.tgz#da42f49740c0b42db2ca9728571cb190c98efea3"
  integrity sha1-2kL0l0DAtC2yypcoVxyxkMmO/qM=

signal-exit@^3.0.0:
  version "3.0.2"
  resolved "https://neo.jfrog.io/neo/api/npm/npm/signal-exit/-/signal-exit-3.0.2.tgz#b5fdc08f1287ea1178628e415e25132b73646c6d"
  integrity sha1-tf3AjxKH6hF4Yo5BXiUTK3NkbG0=

string-width@^1.0.1:
  version "1.0.2"
  resolved "https://neo.jfrog.io/neo/api/npm/npm/string-width/-/string-width-1.0.2.tgz#118bdf5b8cdc51a2a7e70d211e07e2b0b9b107d3"
  integrity sha1-EYvfW4zcUaKn5w0hHgfisLmxB9M=
  dependencies:
    code-point-at "^1.0.0"
    is-fullwidth-code-point "^1.0.0"
    strip-ansi "^3.0.0"

string-width@^2.0.0, string-width@^2.1.1:
  version "2.1.1"
  resolved "https://neo.jfrog.io/neo/api/npm/npm/string-width/-/string-width-2.1.1.tgz#ab93f27a8dc13d28cac815c462143a6d9012ae9e"
  integrity sha1-q5Pyeo3BPSjKyBXEYhQ6bZASrp4=
  dependencies:
    is-fullwidth-code-point "^2.0.0"
    strip-ansi "^4.0.0"

strip-ansi@^3.0.0, strip-ansi@^3.0.1:
  version "3.0.1"
  resolved "https://neo.jfrog.io/neo/api/npm/npm/strip-ansi/-/strip-ansi-3.0.1.tgz#6a385fb8853d952d5ff05d0e8aaf94278dc63dcf"
  integrity sha1-ajhfuIU9lS1f8F0Oiq+UJ43GPc8=
  dependencies:
    ansi-regex "^2.0.0"

strip-ansi@^4.0.0:
  version "4.0.0"
  resolved "https://neo.jfrog.io/neo/api/npm/npm/strip-ansi/-/strip-ansi-4.0.0.tgz#a8479022eb1ac368a871389b635262c505ee368f"
  integrity sha1-qEeQIusaw2iocTibY1JixQXuNo8=
  dependencies:
    ansi-regex "^3.0.0"

strip-eof@^1.0.0:
  version "1.0.0"
  resolved "https://neo.jfrog.io/neo/api/npm/npm/strip-eof/-/strip-eof-1.0.0.tgz#bb43ff5598a6eb05d89b59fcd129c983313606bf"
  integrity sha1-u0P/VZim6wXYm1n80SnJgzE2Br8=

text-encoding@^0.6.4:
  version "0.6.4"
  resolved "https://neo.jfrog.io/neo/api/npm/npm/text-encoding/-/text-encoding-0.6.4.tgz#e399a982257a276dae428bb92845cb71bdc26d19"
  integrity sha1-45mpgiV6J22uQou5KEXLcb3CbRk=

uri-js@^4.2.1:
  version "4.2.2"
  resolved "https://neo.jfrog.io/neo/api/npm/npm/uri-js/-/uri-js-4.2.2.tgz#94c540e1ff772956e2299507c010aea6c8838eb0"
  integrity sha1-lMVA4f93KVbiKZUHwBCupsiDjrA=
  dependencies:
    punycode "^2.1.0"

uuid@^3.3.2:
  version "3.3.2"
  resolved "https://neo.jfrog.io/neo/api/npm/npm/uuid/-/uuid-3.3.2.tgz#1b4af4955eb3077c501c23872fc6513811587131"
  integrity sha1-G0r0lV6zB3xQHCOHL8ZROBFYcTE=

which-module@^2.0.0:
  version "2.0.0"
  resolved "https://neo.jfrog.io/neo/api/npm/npm/which-module/-/which-module-2.0.0.tgz#d9ef07dce77b9902b8a3a8fa4b31c3e3f7e6e87a"
  integrity sha1-2e8H3Od7mQK4o6j6SzHD4/fm6Ho=

which@^1.2.9:
  version "1.3.1"
  resolved "https://neo.jfrog.io/neo/api/npm/npm/which/-/which-1.3.1.tgz#a45043d54f5805316da8d62f9f50918d3da70b0a"
  integrity sha1-pFBD1U9YBTFtqNYvn1CRjT2nCwo=
  dependencies:
    isexe "^2.0.0"

wrap-ansi@^2.0.0:
  version "2.1.0"
  resolved "https://neo.jfrog.io/neo/api/npm/npm/wrap-ansi/-/wrap-ansi-2.1.0.tgz#d8fc3d284dd05794fe84973caecdd1cf824fdd85"
  integrity sha1-2Pw9KE3QV5T+hJc8rs3Rz4JP3YU=
  dependencies:
    string-width "^1.0.1"
    strip-ansi "^3.0.1"

wrappy@1:
  version "1.0.2"
  resolved "https://neo.jfrog.io/neo/api/npm/npm/wrappy/-/wrappy-1.0.2.tgz#b5243d8f3ec1aa35f1364605bc0d1036e30ab69f"
  integrity sha1-tSQ9jz7BqjXxNkYFvA0QNuMKtp8=

"y18n@^3.2.1 || ^4.0.0":
  version "4.0.0"
  resolved "https://neo.jfrog.io/neo/api/npm/npm/y18n/-/y18n-4.0.0.tgz#95ef94f85ecc81d007c264e190a120f0a3c8566b"
  integrity sha1-le+U+F7MgdAHwmThkKEg8KPIVms=

yargs-parser@^11.1.1:
  version "11.1.1"
  resolved "https://neo.jfrog.io/neo/api/npm/npm/yargs-parser/-/yargs-parser-11.1.1.tgz#879a0865973bca9f6bab5cbdf3b1c67ec7d3bcf4"
  integrity sha1-h5oIZZc7yp9rq1y987HGfsfTvPQ=
  dependencies:
    camelcase "^5.0.0"
    decamelize "^1.2.0"

yargs@^12.0.5:
  version "12.0.5"
  resolved "https://neo.jfrog.io/neo/api/npm/npm/yargs/-/yargs-12.0.5.tgz#05f5997b609647b64f66b81e3b4b10a368e7ad13"
  integrity sha1-BfWZe2CWR7ZPZrgeO0sQo2jnrRM=
  dependencies:
    cliui "^4.0.0"
    decamelize "^1.2.0"
    find-up "^3.0.0"
    get-caller-file "^1.0.1"
    os-locale "^3.0.0"
    require-directory "^2.1.1"
    require-main-filename "^1.0.1"
    set-blocking "^2.0.0"
    string-width "^2.0.0"
    which-module "^2.0.0"
    y18n "^3.2.1 || ^4.0.0"
    yargs-parser "^11.1.1"
